
Microsoft Visual Studio Solution File, Format Version 12.00
# Visual Studio Version 17
VisualStudioVersion = 17.6.33829.357
MinimumVisualStudioVersion = 10.0.40219.1
Project("{888888A0-9F3D-457C-B088-3A5042F75D52}") = "MyFirstDjangoWeb", "MyFirstDjangoWeb.pyproj", "{96FEC15F-7A0E-4EAE-9936-CE3DD62D18EE}"
EndProject
Global
	GlobalSection(SolutionConfigurationPlatforms) = preSolution
		Debug|Any CPU = Debug|Any CPU
		Release|Any CPU = Release|Any CPU
	EndGlobalSection
	GlobalSection(ProjectConfigurationPlatforms) = postSolution
		{96FEC15F-7A0E-4EAE-9936-CE3DD62D18EE}.Debug|Any CPU.ActiveCfg = Debug|Any CPU
		{96FEC15F-7A0E-4EAE-9936-CE3DD62D18EE}.Debug|Any CPU.Build.0 = Debug|Any CPU
		{96FEC15F-7A0E-4EAE-9936-CE3DD62D18EE}.Release|Any CPU.ActiveCfg = Release|Any CPU
		{96FEC15F-7A0E-4EAE-9936-CE3DD62D18EE}.Release|Any CPU.Build.0 = Release|Any CPU
	EndGlobalSection
	GlobalSection(SolutionProperties) = preSolution
		HideSolutionNode = FALSE
	EndGlobalSection
	GlobalSection(ExtensibilityGlobals) = postSolution
		SolutionGuid = {58E7EC6A-1A9C-4274-9642-46178A8E7979}
	EndGlobalSection
EndGlobal
